
Microsoft Visual Studio Solution File, Format Version 12.00
# Visual Studio Version 17
VisualStudioVersion = 17.14.37203.1 d17.14
MinimumVisualStudioVersion = 10.0.40219.1
Project("{FAE04EC0-301F-11D3-BF4B-00C04F79EFBC}") = "TodoAPI", "TodoAPI\TodoAPI.csproj", "{5250034E-199C-4E3F-BAF1-7199F870AFE3}"
EndProject
Global
	GlobalSection(SolutionConfigurationPlatforms) = preSolution
		Debug|Any CPU = Debug|Any CPU
		Release|Any CPU = Release|Any CPU
	EndGlobalSection
	GlobalSection(ProjectConfigurationPlatforms) = postSolution
		{5250034E-199C-4E3F-BAF1-7199F870AFE3}.Debug|Any CPU.ActiveCfg = Debug|Any CPU
		{5250034E-199C-4E3F-BAF1-7199F870AFE3}.Debug|Any CPU.Build.0 = Debug|Any CPU
		{5250034E-199C-4E3F-BAF1-7199F870AFE3}.Release|Any CPU.ActiveCfg = Release|Any CPU
		{5250034E-199C-4E3F-BAF1-7199F870AFE3}.Release|Any CPU.Build.0 = Release|Any CPU
	EndGlobalSection
	GlobalSection(SolutionProperties) = preSolution
		HideSolutionNode = FALSE
	EndGlobalSection
	GlobalSection(ExtensibilityGlobals) = postSolution
		SolutionGuid = {79675375-0564-4B27-B072-76763362199A}
	EndGlobalSection
EndGlobal
